
Microsoft Visual Studio Solution File, Format Version 12.00
# Visual Studio Version 17
VisualStudioVersion = 17.4.33213.308
MinimumVisualStudioVersion = 10.0.40219.1
Project("{FAE04EC0-301F-11D3-BF4B-00C04F79EFBC}") = "WpfApp1", "WpfApp1\WpfApp1.csproj", "{489713CD-04C5-423C-B044-6AD25540B169}"
EndProject
Global
	GlobalSection(SolutionConfigurationPlatforms) = preSolution
		Debug|Any CPU = Debug|Any CPU
		Release|Any CPU = Release|Any CPU
	EndGlobalSection
	GlobalSection(ProjectConfigurationPlatforms) = postSolution
		{489713CD-04C5-423C-B044-6AD25540B169}.Debug|Any CPU.ActiveCfg = Debug|Any CPU
		{489713CD-04C5-423C-B044-6AD25540B169}.Debug|Any CPU.Build.0 = Debug|Any CPU
		{489713CD-04C5-423C-B044-6AD25540B169}.Release|Any CPU.ActiveCfg = Release|Any CPU
		{489713CD-04C5-423C-B044-6AD25540B169}.Release|Any CPU.Build.0 = Release|Any CPU
	EndGlobalSection
	GlobalSection(SolutionProperties) = preSolution
		HideSolutionNode = FALSE
	EndGlobalSection
	GlobalSection(ExtensibilityGlobals) = postSolution
		SolutionGuid = {D16B5C8A-A1E8-4A5C-AC24-02588510F2BF}
	EndGlobalSection
EndGlobal
